// !$*UTF8*$!
{
	archiveVersion = 1;
	classes = {
	};
	objectVersion = 56;
	objects = {

/* Begin PBXBuildFile section */
		019677092B8F227D00A00629 /* PokemonListViewControllerTests.swift in Sources */ = {isa = PBXBuildFile; fileRef = 019677082B8F227D00A00629 /* PokemonListViewControllerTests.swift */; };
		01D1829E2B628B1B00CB17AB /* AppDelegate.swift in Sources */ = {isa = PBXBuildFile; fileRef = 01D1829D2B628B1B00CB17AB /* AppDelegate.swift */; };
		01D182A02B628B1B00CB17AB /* SceneDelegate.swift in Sources */ = {isa = PBXBuildFile; fileRef = 01D1829F2B628B1B00CB17AB /* SceneDelegate.swift */; };
		01D182A52B628B1B00CB17AB /* Main.storyboard in Resources */ = {isa = PBXBuildFile; fileRef = 01D182A32B628B1B00CB17AB /* Main.storyboard */; };
		01D182A72B628B1D00CB17AB /* Assets.xcassets in Resources */ = {isa = PBXBuildFile; fileRef = 01D182A62B628B1D00CB17AB /* Assets.xcassets */; };
		01D182AA2B628B1D00CB17AB /* LaunchScreen.storyboard in Resources */ = {isa = PBXBuildFile; fileRef = 01D182A82B628B1D00CB17AB /* LaunchScreen.storyboard */; };
		01D182B52B628B1D00CB17AB /* PokemonInOMTests.swift in Sources */ = {isa = PBXBuildFile; fileRef = 01D182B42B628B1D00CB17AB /* PokemonInOMTests.swift */; };
		01D182BF2B628B1D00CB17AB /* PokemonInOMUITests.swift in Sources */ = {isa = PBXBuildFile; fileRef = 01D182BE2B628B1D00CB17AB /* PokemonInOMUITests.swift */; };
		01D182C12B628B1D00CB17AB /* PokemonInOMUITestsLaunchTests.swift in Sources */ = {isa = PBXBuildFile; fileRef = 01D182C02B628B1D00CB17AB /* PokemonInOMUITestsLaunchTests.swift */; };
		01D182D72B62902700CB17AB /* PokemonListTableViewController.swift in Sources */ = {isa = PBXBuildFile; fileRef = 01D182D62B62902700CB17AB /* PokemonListTableViewController.swift */; };
		01D182D92B62903B00CB17AB /* StarredTableViewController.swift in Sources */ = {isa = PBXBuildFile; fileRef = 01D182D82B62903B00CB17AB /* StarredTableViewController.swift */; };
		01D182DB2B62905400CB17AB /* PokemonDetailViewController.swift in Sources */ = {isa = PBXBuildFile; fileRef = 01D182DA2B62905400CB17AB /* PokemonDetailViewController.swift */; };
		01D182DD2B62906B00CB17AB /* SearchTableViewController.swift in Sources */ = {isa = PBXBuildFile; fileRef = 01D182DC2B62906B00CB17AB /* SearchTableViewController.swift */; };
		01D182DF2B6291F700CB17AB /* Pokemon.swift in Sources */ = {isa = PBXBuildFile; fileRef = 01D182DE2B6291F700CB17AB /* Pokemon.swift */; };
		01D182E22B62922700CB17AB /* PokemonListTableViewCell.swift in Sources */ = {isa = PBXBuildFile; fileRef = 01D182E12B62922700CB17AB /* PokemonListTableViewCell.swift */; };
		01D182E42B62928000CB17AB /* PokemonListViewModel.swift in Sources */ = {isa = PBXBuildFile; fileRef = 01D182E32B62928000CB17AB /* PokemonListViewModel.swift */; };
		01D182E62B62C08E00CB17AB /* Constants.swift in Sources */ = {isa = PBXBuildFile; fileRef = 01D182E52B62C08E00CB17AB /* Constants.swift */; };
		01D182E82B62C1E100CB17AB /* Webservices.swift in Sources */ = {isa = PBXBuildFile; fileRef = 01D182E72B62C1E100CB17AB /* Webservices.swift */; };
		01D182EA2B638F0800CB17AB /* PokemonDetailViewModel.swift in Sources */ = {isa = PBXBuildFile; fileRef = 01D182E92B638F0800CB17AB /* PokemonDetailViewModel.swift */; };
		01D182ED2B63A51300CB17AB /* FirebaseAuth in Frameworks */ = {isa = PBXBuildFile; productRef = 01D182EC2B63A51300CB17AB /* FirebaseAuth */; };
		01D182EF2B63A51300CB17AB /* FirebaseCrashlytics in Frameworks */ = {isa = PBXBuildFile; productRef = 01D182EE2B63A51300CB17AB /* FirebaseCrashlytics */; };
		01D182F12B63A51300CB17AB /* FirebaseDatabase in Frameworks */ = {isa = PBXBuildFile; productRef = 01D182F02B63A51300CB17AB /* FirebaseDatabase */; };
		01D182F32B63A51300CB17AB /* FirebaseDatabaseSwift in Frameworks */ = {isa = PBXBuildFile; productRef = 01D182F22B63A51300CB17AB /* FirebaseDatabaseSwift */; };
		01D182F52B63A51300CB17AB /* FirebaseFirestore in Frameworks */ = {isa = PBXBuildFile; productRef = 01D182F42B63A51300CB17AB /* FirebaseFirestore */; };
		01D182F72B63A51300CB17AB /* FirebaseFirestoreSwift in Frameworks */ = {isa = PBXBuildFile; productRef = 01D182F62B63A51300CB17AB /* FirebaseFirestoreSwift */; };
		01D182F92B63A51300CB17AB /* FirebaseStorage in Frameworks */ = {isa = PBXBuildFile; productRef = 01D182F82B63A51300CB17AB /* FirebaseStorage */; };
		01D182FB2B63A59400CB17AB /* FirebaseManager.swift in Sources */ = {isa = PBXBuildFile; fileRef = 01D182FA2B63A59400CB17AB /* FirebaseManager.swift */; };
		01D182FD2B63A78600CB17AB /* Utils.swift in Sources */ = {isa = PBXBuildFile; fileRef = 01D182FC2B63A78600CB17AB /* Utils.swift */; };
		01D183002B63A97400CB17AB /* Kingfisher in Frameworks */ = {isa = PBXBuildFile; productRef = 01D182FF2B63A97400CB17AB /* Kingfisher */; };
		01D183022B63AC8C00CB17AB /* GoogleService-Info.plist in Resources */ = {isa = PBXBuildFile; fileRef = 01D183012B63AC8C00CB17AB /* GoogleService-Info.plist */; };
		01FBDBB32B8F25E800BA5BE9 /* PokemonDetailViewControllerTests.swift in Sources */ = {isa = PBXBuildFile; fileRef = 01FBDBB22B8F25E800BA5BE9 /* PokemonDetailViewControllerTests.swift */; };
/* End PBXBuildFile section */

/* Begin PBXContainerItemProxy section */
		01D182B12B628B1D00CB17AB /* PBXContainerItemProxy */ = {
			isa = PBXContainerItemProxy;
			containerPortal = 01D182922B628B1B00CB17AB /* Project object */;
			proxyType = 1;
			remoteGlobalIDString = 01D182992B628B1B00CB17AB;
			remoteInfo = PokemonInOM;
		};
		01D182BB2B628B1D00CB17AB /* PBXContainerItemProxy */ = {
			isa = PBXContainerItemProxy;
			containerPortal = 01D182922B628B1B00CB17AB /* Project object */;
			proxyType = 1;
			remoteGlobalIDString = 01D182992B628B1B00CB17AB;
			remoteInfo = PokemonInOM;
		};
/* End PBXContainerItemProxy section */

/* Begin PBXFileReference section */
		019677082B8F227D00A00629 /* PokemonListViewControllerTests.swift */ = {isa = PBXFileReference; lastKnownFileType = sourcecode.swift; path = PokemonListViewControllerTests.swift; sourceTree = "<group>"; };
		0196770B2B8F23F100A00629 /* XCTest.framework */ = {isa = PBXFileReference; lastKnownFileType = wrapper.framework; name = XCTest.framework; path = Platforms/iPhoneOS.platform/Developer/Library/Frameworks/XCTest.framework; sourceTree = DEVELOPER_DIR; };
		01D1829A2B628B1B00CB17AB /* PokemonInOM.app */ = {isa = PBXFileReference; explicitFileType = wrapper.application; includeInIndex = 0; path = PokemonInOM.app; sourceTree = BUILT_PRODUCTS_DIR; };
		01D1829D2B628B1B00CB17AB /* AppDelegate.swift */ = {isa = PBXFileReference; lastKnownFileType = sourcecode.swift; path = AppDelegate.swift; sourceTree = "<group>"; };
		01D1829F2B628B1B00CB17AB /* SceneDelegate.swift */ = {isa = PBXFileReference; lastKnownFileType = sourcecode.swift; path = SceneDelegate.swift; sourceTree = "<group>"; };
		01D182A42B628B1B00CB17AB /* Base */ = {isa = PBXFileReference; lastKnownFileType = file.storyboard; name = Base; path = Base.lproj/Main.storyboard; sourceTree = "<group>"; };
		01D182A62B628B1D00CB17AB /* Assets.xcassets */ = {isa = PBXFileReference; lastKnownFileType = folder.assetcatalog; path = Assets.xcassets; sourceTree = "<group>"; };
		01D182A92B628B1D00CB17AB /* Base */ = {isa = PBXFileReference; lastKnownFileType = file.storyboard; name = Base; path = Base.lproj/LaunchScreen.storyboard; sourceTree = "<group>"; };
		01D182AB2B628B1D00CB17AB /* Info.plist */ = {isa = PBXFileReference; lastKnownFileType = text.plist.xml; path = Info.plist; sourceTree = "<group>"; };
		01D182B02B628B1D00CB17AB /* PokemonInOMTests.xctest */ = {isa = PBXFileReference; explicitFileType = wrapper.cfbundle; includeInIndex = 0; path = PokemonInOMTests.xctest; sourceTree = BUILT_PRODUCTS_DIR; };
		01D182B42B628B1D00CB17AB /* PokemonInOMTests.swift */ = {isa = PBXFileReference; lastKnownFileType = sourcecode.swift; path = PokemonInOMTests.swift; sourceTree = "<group>"; };
		01D182BA2B628B1D00CB17AB /* PokemonInOMUITests.xctest */ = {isa = PBXFileReference; explicitFileType = wrapper.cfbundle; includeInIndex = 0; path = PokemonInOMUITests.xctest; sourceTree = BUILT_PRODUCTS_DIR; };
		01D182BE2B628B1D00CB17AB /* PokemonInOMUITests.swift */ = {isa = PBXFileReference; lastKnownFileType = sourcecode.swift; path = PokemonInOMUITests.swift; sourceTree = "<group>"; };
		01D182C02B628B1D00CB17AB /* PokemonInOMUITestsLaunchTests.swift */ = {isa = PBXFileReference; lastKnownFileType = sourcecode.swift; path = PokemonInOMUITestsLaunchTests.swift; sourceTree = "<group>"; };
		01D182D62B62902700CB17AB /* PokemonListTableViewController.swift */ = {isa = PBXFileReference; lastKnownFileType = sourcecode.swift; path = PokemonListTableViewController.swift; sourceTree = "<group>"; };
		01D182D82B62903B00CB17AB /* StarredTableViewController.swift */ = {isa = PBXFileReference; lastKnownFileType = sourcecode.swift; path = StarredTableViewController.swift; sourceTree = "<group>"; };
		01D182DA2B62905400CB17AB /* PokemonDetailViewController.swift */ = {isa = PBXFileReference; lastKnownFileType = sourcecode.swift; path = PokemonDetailViewController.swift; sourceTree = "<group>"; };
		01D182DC2B62906B00CB17AB /* SearchTableViewController.swift */ = {isa = PBXFileReference; lastKnownFileType = sourcecode.swift; path = SearchTableViewController.swift; sourceTree = "<group>"; };
		01D182DE2B6291F700CB17AB /* Pokemon.swift */ = {isa = PBXFileReference; lastKnownFileType = sourcecode.swift; path = Pokemon.swift; sourceTree = "<group>"; };
		01D182E12B62922700CB17AB /* PokemonListTableViewCell.swift */ = {isa = PBXFileReference; lastKnownFileType = sourcecode.swift; path = PokemonListTableViewCell.swift; sourceTree = "<group>"; };
		01D182E32B62928000CB17AB /* PokemonListViewModel.swift */ = {isa = PBXFileReference; lastKnownFileType = sourcecode.swift; path = PokemonListViewModel.swift; sourceTree = "<group>"; };
		01D182E52B62C08E00CB17AB /* Constants.swift */ = {isa = PBXFileReference; lastKnownFileType = sourcecode.swift; path = Constants.swift; sourceTree = "<group>"; };
		01D182E72B62C1E100CB17AB /* Webservices.swift */ = {isa = PBXFileReference; lastKnownFileType = sourcecode.swift; path = Webservices.swift; sourceTree = "<group>"; };
		01D182E92B638F0800CB17AB /* PokemonDetailViewModel.swift */ = {isa = PBXFileReference; lastKnownFileType = sourcecode.swift; path = PokemonDetailViewModel.swift; sourceTree = "<group>"; };
		01D182FA2B63A59400CB17AB /* FirebaseManager.swift */ = {isa = PBXFileReference; lastKnownFileType = sourcecode.swift; path = FirebaseManager.swift; sourceTree = "<group>"; };
		01D182FC2B63A78600CB17AB /* Utils.swift */ = {isa = PBXFileReference; lastKnownFileType = sourcecode.swift; path = Utils.swift; sourceTree = "<group>"; };
		01D183012B63AC8C00CB17AB /* GoogleService-Info.plist */ = {isa = PBXFileReference; fileEncoding = 4; lastKnownFileType = text.plist.xml; path = "GoogleService-Info.plist"; sourceTree = "<group>"; };
		01FBDBB22B8F25E800BA5BE9 /* PokemonDetailViewControllerTests.swift */ = {isa = PBXFileReference; lastKnownFileType = sourcecode.swift; path = PokemonDetailViewControllerTests.swift; sourceTree = "<group>"; };
/* End PBXFileReference section */

/* Begin PBXFrameworksBuildPhase section */
		01D182972B628B1B00CB17AB /* Frameworks */ = {
			isa = PBXFrameworksBuildPhase;
			buildActionMask = 2147483647;
			files = (
				01D182F32B63A51300CB17AB /* FirebaseDatabaseSwift in Frameworks */,
				01D182F12B63A51300CB17AB /* FirebaseDatabase in Frameworks */,
				01D182ED2B63A51300CB17AB /* FirebaseAuth in Frameworks */,
				01D182F52B63A51300CB17AB /* FirebaseFirestore in Frameworks */,
				01D183002B63A97400CB17AB /* Kingfisher in Frameworks */,
				01D182F92B63A51300CB17AB /* FirebaseStorage in Frameworks */,
				01D182EF2B63A51300CB17AB /* FirebaseCrashlytics in Frameworks */,
				01D182F72B63A51300CB17AB /* FirebaseFirestoreSwift in Frameworks */,
			);
			runOnlyForDeploymentPostprocessing = 0;
		};
		01D182AD2B628B1D00CB17AB /* Frameworks */ = {
			isa = PBXFrameworksBuildPhase;
			buildActionMask = 2147483647;
			files = (
			);
			runOnlyForDeploymentPostprocessing = 0;
		};
		01D182B72B628B1D00CB17AB /* Frameworks */ = {
			isa = PBXFrameworksBuildPhase;
			buildActionMask = 2147483647;
			files = (
			);
			runOnlyForDeploymentPostprocessing = 0;
		};
/* End PBXFrameworksBuildPhase section */

/* Begin PBXGroup section */
		0196770A2B8F23C100A00629 /* Frameworks */ = {
			isa = PBXGroup;
			children = (
				0196770B2B8F23F100A00629 /* XCTest.framework */,
			);
			name = Frameworks;
			sourceTree = "<group>";
		};
		01D182912B628B1B00CB17AB = {
			isa = PBXGroup;
			children = (
				01D1829C2B628B1B00CB17AB /* PokemonInOM */,
				01D182B32B628B1D00CB17AB /* PokemonInOMTests */,
				01D182BD2B628B1D00CB17AB /* PokemonInOMUITests */,
				01D1829B2B628B1B00CB17AB /* Products */,
				0196770A2B8F23C100A00629 /* Frameworks */,
			);
			sourceTree = "<group>";
		};
		01D1829B2B628B1B00CB17AB /* Products */ = {
			isa = PBXGroup;
			children = (
				01D1829A2B628B1B00CB17AB /* PokemonInOM.app */,
				01D182B02B628B1D00CB17AB /* PokemonInOMTests.xctest */,
				01D182BA2B628B1D00CB17AB /* PokemonInOMUITests.xctest */,
			);
			name = Products;
			sourceTree = "<group>";
		};
		01D1829C2B628B1B00CB17AB /* PokemonInOM */ = {
			isa = PBXGroup;
			children = (
				01D182D52B628FA200CB17AB /* Models */,
				01D182D42B628F9F00CB17AB /* Views */,
				01D182D32B628F9700CB17AB /* ViewModels */,
				01D182D22B628F7300CB17AB /* Storyboards */,
				01D182D12B628F7100CB17AB /* Supporting Files */,
				01D182D02B628F6F00CB17AB /* Resources */,
				01D182CF2B628F6C00CB17AB /* Utils */,
				01D182CE2B628F6300CB17AB /* Services */,
				01D182CD2B628F5800CB17AB /* Controllers */,
				01D1829D2B628B1B00CB17AB /* AppDelegate.swift */,
				01D1829F2B628B1B00CB17AB /* SceneDelegate.swift */,
				01D182AB2B628B1D00CB17AB /* Info.plist */,
				01D183012B63AC8C00CB17AB /* GoogleService-Info.plist */,
			);
			path = PokemonInOM;
			sourceTree = "<group>";
		};
		01D182B32B628B1D00CB17AB /* PokemonInOMTests */ = {
			isa = PBXGroup;
			children = (
				01D182B42B628B1D00CB17AB /* PokemonInOMTests.swift */,
				019677082B8F227D00A00629 /* PokemonListViewControllerTests.swift */,
				01FBDBB22B8F25E800BA5BE9 /* PokemonDetailViewControllerTests.swift */,
			);
			path = PokemonInOMTests;
			sourceTree = "<group>";
		};
		01D182BD2B628B1D00CB17AB /* PokemonInOMUITests */ = {
			isa = PBXGroup;
			children = (
				01D182BE2B628B1D00CB17AB /* PokemonInOMUITests.swift */,
				01D182C02B628B1D00CB17AB /* PokemonInOMUITestsLaunchTests.swift */,
			);
			path = PokemonInOMUITests;
			sourceTree = "<group>";
		};
		01D182CD2B628F5800CB17AB /* Controllers */ = {
			isa = PBXGroup;
			children = (
				01D182D62B62902700CB17AB /* PokemonListTableViewController.swift */,
				01D182D82B62903B00CB17AB /* StarredTableViewController.swift */,
				01D182DA2B62905400CB17AB /* PokemonDetailViewController.swift */,
				01D182DC2B62906B00CB17AB /* SearchTableViewController.swift */,
			);
			path = Controllers;
			sourceTree = "<group>";
		};
		01D182CE2B628F6300CB17AB /* Services */ = {
			isa = PBXGroup;
			children = (
				01D182E72B62C1E100CB17AB /* Webservices.swift */,
				01D182FA2B63A59400CB17AB /* FirebaseManager.swift */,
			);
			path = Services;
			sourceTree = "<group>";
		};
		01D182CF2B628F6C00CB17AB /* Utils */ = {
			isa = PBXGroup;
			children = (
				01D182E52B62C08E00CB17AB /* Constants.swift */,
				01D182FC2B63A78600CB17AB /* Utils.swift */,
			);
			path = Utils;
			sourceTree = "<group>";
		};
		01D182D02B628F6F00CB17AB /* Resources */ = {
			isa = PBXGroup;
			children = (
				01D182A62B628B1D00CB17AB /* Assets.xcassets */,
			);
			path = Resources;
			sourceTree = "<group>";
		};
		01D182D12B628F7100CB17AB /* Supporting Files */ = {
			isa = PBXGroup;
			children = (
				01D182A82B628B1D00CB17AB /* LaunchScreen.storyboard */,
			);
			path = "Supporting Files";
			sourceTree = "<group>";
		};
		01D182D22B628F7300CB17AB /* Storyboards */ = {
			isa = PBXGroup;
			children = (
				01D182A32B628B1B00CB17AB /* Main.storyboard */,
			);
			path = Storyboards;
			sourceTree = "<group>";
		};
		01D182D32B628F9700CB17AB /* ViewModels */ = {
			isa = PBXGroup;
			children = (
				01D182E32B62928000CB17AB /* PokemonListViewModel.swift */,
				01D182E92B638F0800CB17AB /* PokemonDetailViewModel.swift */,
			);
			path = ViewModels;
			sourceTree = "<group>";
		};
		01D182D42B628F9F00CB17AB /* Views */ = {
			isa = PBXGroup;
			children = (
				01D182E02B62920600CB17AB /* Cells */,
			);
			path = Views;
			sourceTree = "<group>";
		};
		01D182D52B628FA200CB17AB /* Models */ = {
			isa = PBXGroup;
			children = (
				01D182DE2B6291F700CB17AB /* Pokemon.swift */,
			);
			path = Models;
			sourceTree = "<group>";
		};
		01D182E02B62920600CB17AB /* Cells */ = {
			isa = PBXGroup;
			children = (
				01D182E12B62922700CB17AB /* PokemonListTableViewCell.swift */,
			);
			path = Cells;
			sourceTree = "<group>";
		};
/* End PBXGroup section */

/* Begin PBXNativeTarget section */
		01D182992B628B1B00CB17AB /* PokemonInOM */ = {
			isa = PBXNativeTarget;
			buildConfigurationList = 01D182C42B628B1D00CB17AB /* Build configuration list for PBXNativeTarget "PokemonInOM" */;
			buildPhases = (
				01D182962B628B1B00CB17AB /* Sources */,
				01D182972B628B1B00CB17AB /* Frameworks */,
				01D182982B628B1B00CB17AB /* Resources */,
			);
			buildRules = (
			);
			dependencies = (
			);
			name = PokemonInOM;
			packageProductDependencies = (
				01D182EC2B63A51300CB17AB /* FirebaseAuth */,
				01D182EE2B63A51300CB17AB /* FirebaseCrashlytics */,
				01D182F02B63A51300CB17AB /* FirebaseDatabase */,
				01D182F22B63A51300CB17AB /* FirebaseDatabaseSwift */,
				01D182F42B63A51300CB17AB /* FirebaseFirestore */,
				01D182F62B63A51300CB17AB /* FirebaseFirestoreSwift */,
				01D182F82B63A51300CB17AB /* FirebaseStorage */,
				01D182FF2B63A97400CB17AB /* Kingfisher */,
			);
			productName = PokemonInOM;
			productReference = 01D1829A2B628B1B00CB17AB /* PokemonInOM.app */;
			productType = "com.apple.product-type.application";
		};
		01D182AF2B628B1D00CB17AB /* PokemonInOMTests */ = {
			isa = PBXNativeTarget;
			buildConfigurationList = 01D182C72B628B1D00CB17AB /* Build configuration list for PBXNativeTarget "PokemonInOMTests" */;
			buildPhases = (
				01D182AC2B628B1D00CB17AB /* Sources */,
				01D182AD2B628B1D00CB17AB /* Frameworks */,
				01D182AE2B628B1D00CB17AB /* Resources */,
			);
			buildRules = (
			);
			dependencies = (
				01D182B22B628B1D00CB17AB /* PBXTargetDependency */,
			);
			name = PokemonInOMTests;
			productName = PokemonInOMTests;
			productReference = 01D182B02B628B1D00CB17AB /* PokemonInOMTests.xctest */;
			productType = "com.apple.product-type.bundle.unit-test";
		};
		01D182B92B628B1D00CB17AB /* PokemonInOMUITests */ = {
			isa = PBXNativeTarget;
			buildConfigurationList = 01D182CA2B628B1D00CB17AB /* Build configuration list for PBXNativeTarget "PokemonInOMUITests" */;
			buildPhases = (
				01D182B62B628B1D00CB17AB /* Sources */,
				01D182B72B628B1D00CB17AB /* Frameworks */,
				01D182B82B628B1D00CB17AB /* Resources */,
			);
			buildRules = (
			);
			dependencies = (
				01D182BC2B628B1D00CB17AB /* PBXTargetDependency */,
			);
			name = PokemonInOMUITests;
			productName = PokemonInOMUITests;
			productReference = 01D182BA2B628B1D00CB17AB /* PokemonInOMUITests.xctest */;
			productType = "com.apple.product-type.bundle.ui-testing";
		};
/* End PBXNativeTarget section */

/* Begin PBXProject section */
		01D182922B628B1B00CB17AB /* Project object */ = {
			isa = PBXProject;
			attributes = {
				BuildIndependentTargetsInParallel = 1;
				LastSwiftUpdateCheck = 1500;
				LastUpgradeCheck = 1500;
				TargetAttributes = {
					01D182992B628B1B00CB17AB = {
						CreatedOnToolsVersion = 15.0.1;
					};
					01D182AF2B628B1D00CB17AB = {
						CreatedOnToolsVersion = 15.0.1;
						TestTargetID = 01D182992B628B1B00CB17AB;
					};
					01D182B92B628B1D00CB17AB = {
						CreatedOnToolsVersion = 15.0.1;
						TestTargetID = 01D182992B628B1B00CB17AB;
					};
				};
			};
			buildConfigurationList = 01D182952B628B1B00CB17AB /* Build configuration list for PBXProject "PokemonInOM" */;
			compatibilityVersion = "Xcode 14.0";
			developmentRegion = en;
			hasScannedForEncodings = 0;
			knownRegions = (
				en,
				Base,
			);
			mainGroup = 01D182912B628B1B00CB17AB;
			packageReferences = (
				01D182EB2B63A51300CB17AB /* XCRemoteSwiftPackageReference "firebase-ios-sdk" */,
				01D182FE2B63A97400CB17AB /* XCRemoteSwiftPackageReference "Kingfisher" */,
			);
			productRefGroup = 01D1829B2B628B1B00CB17AB /* Products */;
			projectDirPath = "";
			projectRoot = "";
			targets = (
				01D182992B628B1B00CB17AB /* PokemonInOM */,
				01D182AF2B628B1D00CB17AB /* PokemonInOMTests */,
				01D182B92B628B1D00CB17AB /* PokemonInOMUITests */,
			);
		};
/* End PBXProject section */

/* Begin PBXResourcesBuildPhase section */
		01D182982B628B1B00CB17AB /* Resources */ = {
			isa = PBXResourcesBuildPhase;
			buildActionMask = 2147483647;
			files = (
				01D182AA2B628B1D00CB17AB /* LaunchScreen.storyboard in Resources */,
				01D183022B63AC8C00CB17AB /* GoogleService-Info.plist in Resources */,
				01D182A72B628B1D00CB17AB /* Assets.xcassets in Resources */,
				01D182A52B628B1B00CB17AB /* Main.storyboard in Resources */,
			);
			runOnlyForDeploymentPostprocessing = 0;
		};
		01D182AE2B628B1D00CB17AB /* Resources */ = {
			isa = PBXResourcesBuildPhase;
			buildActionMask = 2147483647;
			files = (
			);
			runOnlyForDeploymentPostprocessing = 0;
		};
		01D182B82B628B1D00CB17AB /* Resources */ = {
			isa = PBXResourcesBuildPhase;
			buildActionMask = 2147483647;
			files = (
			);
			runOnlyForDeploymentPostprocessing = 0;
		};
/* End PBXResourcesBuildPhase section */

/* Begin PBXSourcesBuildPhase section */
		01D182962B628B1B00CB17AB /* Sources */ = {
			isa = PBXSourcesBuildPhase;
			buildActionMask = 2147483647;
			files = (
				01D182FB2B63A59400CB17AB /* FirebaseManager.swift in Sources */,
				01D182DF2B6291F700CB17AB /* Pokemon.swift in Sources */,
				01D182E42B62928000CB17AB /* PokemonListViewModel.swift in Sources */,
				01D182FD2B63A78600CB17AB /* Utils.swift in Sources */,
				01D182E22B62922700CB17AB /* PokemonListTableViewCell.swift in Sources */,
				01D1829E2B628B1B00CB17AB /* AppDelegate.swift in Sources */,
				01D182E82B62C1E100CB17AB /* Webservices.swift in Sources */,
				01D182D72B62902700CB17AB /* PokemonListTableViewController.swift in Sources */,
				01D182E62B62C08E00CB17AB /* Constants.swift in Sources */,
				01D182DD2B62906B00CB17AB /* SearchTableViewController.swift in Sources */,
				01D182DB2B62905400CB17AB /* PokemonDetailViewController.swift in Sources */,
				01D182D92B62903B00CB17AB /* StarredTableViewController.swift in Sources */,
				01D182A02B628B1B00CB17AB /* SceneDelegate.swift in Sources */,
				01D182EA2B638F0800CB17AB /* PokemonDetailViewModel.swift in Sources */,
			);
			runOnlyForDeploymentPostprocessing = 0;
		};
		01D182AC2B628B1D00CB17AB /* Sources */ = {
			isa = PBXSourcesBuildPhase;
			buildActionMask = 2147483647;
			files = (
				01FBDBB32B8F25E800BA5BE9 /* PokemonDetailViewControllerTests.swift in Sources */,
				019677092B8F227D00A00629 /* PokemonListViewControllerTests.swift in Sources */,
				01D182B52B628B1D00CB17AB /* PokemonInOMTests.swift in Sources */,
			);
			runOnlyForDeploymentPostprocessing = 0;
		};
		01D182B62B628B1D00CB17AB /* Sources */ = {
			isa = PBXSourcesBuildPhase;
			buildActionMask = 2147483647;
			files = (
				01D182BF2B628B1D00CB17AB /* PokemonInOMUITests.swift in Sources */,
				01D182C12B628B1D00CB17AB /* PokemonInOMUITestsLaunchTests.swift in Sources */,
			);
			runOnlyForDeploymentPostprocessing = 0;
		};
/* End PBXSourcesBuildPhase section */

/* Begin PBXTargetDependency section */
		01D182B22B628B1D00CB17AB /* PBXTargetDependency */ = {
			isa = PBXTargetDependency;
			target = 01D182992B628B1B00CB17AB /* PokemonInOM */;
			targetProxy = 01D182B12B628B1D00CB17AB /* PBXContainerItemProxy */;
		};
		01D182BC2B628B1D00CB17AB /* PBXTargetDependency */ = {
			isa = PBXTargetDependency;
			target = 01D182992B628B1B00CB17AB /* PokemonInOM */;
			targetProxy = 01D182BB2B628B1D00CB17AB /* PBXContainerItemProxy */;
		};
/* End PBXTargetDependency section */

/* Begin PBXVariantGroup section */
		01D182A32B628B1B00CB17AB /* Main.storyboard */ = {
			isa = PBXVariantGroup;
			children = (
				01D182A42B628B1B00CB17AB /* Base */,
			);
			name = Main.storyboard;
			sourceTree = "<group>";
		};
		01D182A82B628B1D00CB17AB /* LaunchScreen.storyboard */ = {
			isa = PBXVariantGroup;
			children = (
				01D182A92B628B1D00CB17AB /* Base */,
			);
			name = LaunchScreen.storyboard;
			sourceTree = "<group>";
		};
/* End PBXVariantGroup section */

/* Begin XCBuildConfiguration section */
		01D182C22B628B1D00CB17AB /* Debug */ = {
			isa = XCBuildConfiguration;
			buildSettings = {
				ALWAYS_SEARCH_USER_PATHS = NO;
				ASSETCATALOG_COMPILER_GENERATE_SWIFT_ASSET_SYMBOL_EXTENSIONS = YES;
				CLANG_ANALYZER_NONNULL = YES;
				CLANG_ANALYZER_NUMBER_OBJECT_CONVERSION = YES_AGGRESSIVE;
				CLANG_CXX_LANGUAGE_STANDARD = "gnu++20";
				CLANG_ENABLE_MODULES = YES;
				CLANG_ENABLE_OBJC_ARC = YES;
				CLANG_ENABLE_OBJC_WEAK = YES;
				CLANG_WARN_BLOCK_CAPTURE_AUTORELEASING = YES;
				CLANG_WARN_BOOL_CONVERSION = YES;
				CLANG_WARN_COMMA = YES;
				CLANG_WARN_CONSTANT_CONVERSION = YES;
				CLANG_WARN_DEPRECATED_OBJC_IMPLEMENTATIONS = YES;
				CLANG_WARN_DIRECT_OBJC_ISA_USAGE = YES_ERROR;
				CLANG_WARN_DOCUMENTATION_COMMENTS = YES;
				CLANG_WARN_EMPTY_BODY = YES;
				CLANG_WARN_ENUM_CONVERSION = YES;
				CLANG_WARN_INFINITE_RECURSION = YES;
				CLANG_WARN_INT_CONVERSION = YES;
				CLANG_WARN_NON_LITERAL_NULL_CONVERSION = YES;
				CLANG_WARN_OBJC_IMPLICIT_RETAIN_SELF = YES;
				CLANG_WARN_OBJC_LITERAL_CONVERSION = YES;
				CLANG_WARN_OBJC_ROOT_CLASS = YES_ERROR;
				CLANG_WARN_QUOTED_INCLUDE_IN_FRAMEWORK_HEADER = YES;
				CLANG_WARN_RANGE_LOOP_ANALYSIS = YES;
				CLANG_WARN_STRICT_PROTOTYPES = YES;
				CLANG_WARN_SUSPICIOUS_MOVE = YES;
				CLANG_WARN_UNGUARDED_AVAILABILITY = YES_AGGRESSIVE;
				CLANG_WARN_UNREACHABLE_CODE = YES;
				CLANG_WARN__DUPLICATE_METHOD_MATCH = YES;
				COPY_PHASE_STRIP = NO;
				DEBUG_INFORMATION_FORMAT = dwarf;
				ENABLE_STRICT_OBJC_MSGSEND = YES;
				ENABLE_TESTABILITY = YES;
				ENABLE_USER_SCRIPT_SANDBOXING = YES;
				GCC_C_LANGUAGE_STANDARD = gnu17;
				GCC_DYNAMIC_NO_PIC = NO;
				GCC_NO_COMMON_BLOCKS = YES;
				GCC_OPTIMIZATION_LEVEL = 0;
				GCC_PREPROCESSOR_DEFINITIONS = (
					"DEBUG=1",
					"$(inherited)",
				);
				GCC_WARN_64_TO_32_BIT_CONVERSION = YES;
				GCC_WARN_ABOUT_RETURN_TYPE = YES_ERROR;
				GCC_WARN_UNDECLARED_SELECTOR = YES;
				GCC_WARN_UNINITIALIZED_AUTOS = YES_AGGRESSIVE;
				GCC_WARN_UNUSED_FUNCTION = YES;
				GCC_WARN_UNUSED_VARIABLE = YES;
				IPHONEOS_DEPLOYMENT_TARGET = 17.0;
				LOCALIZATION_PREFERS_STRING_CATALOGS = YES;
				MTL_ENABLE_DEBUG_INFO = INCLUDE_SOURCE;
				MTL_FAST_MATH = YES;
				ONLY_ACTIVE_ARCH = YES;
				SDKROOT = iphoneos;
				SWIFT_ACTIVE_COMPILATION_CONDITIONS = "DEBUG $(inherited)";
				SWIFT_OPTIMIZATION_LEVEL = "-Onone";
			};
			name = Debug;
		};
		01D182C32B628B1D00CB17AB /* Release */ = {
			isa = XCBuildConfiguration;
			buildSettings = {
				ALWAYS_SEARCH_USER_PATHS = NO;
				ASSETCATALOG_COMPILER_GENERATE_SWIFT_ASSET_SYMBOL_EXTENSIONS = YES;
				CLANG_ANALYZER_NONNULL = YES;
				CLANG_ANALYZER_NUMBER_OBJECT_CONVERSION = YES_AGGRESSIVE;
				CLANG_CXX_LANGUAGE_STANDARD = "gnu++20";
				CLANG_ENABLE_MODULES = YES;
				CLANG_ENABLE_OBJC_ARC = YES;
				CLANG_ENABLE_OBJC_WEAK = YES;
				CLANG_WARN_BLOCK_CAPTURE_AUTORELEASING = YES;
				CLANG_WARN_BOOL_CONVERSION = YES;
				CLANG_WARN_COMMA = YES;
				CLANG_WARN_CONSTANT_CONVERSION = YES;
				CLANG_WARN_DEPRECATED_OBJC_IMPLEMENTATIONS = YES;
				CLANG_WARN_DIRECT_OBJC_ISA_USAGE = YES_ERROR;
				CLANG_WARN_DOCUMENTATION_COMMENTS = YES;
				CLANG_WARN_EMPTY_BODY = YES;
				CLANG_WARN_ENUM_CONVERSION = YES;
				CLANG_WARN_INFINITE_RECURSION = YES;
				CLANG_WARN_INT_CONVERSION = YES;
				CLANG_WARN_NON_LITERAL_NULL_CONVERSION = YES;
				CLANG_WARN_OBJC_IMPLICIT_RETAIN_SELF = YES;
				CLANG_WARN_OBJC_LITERAL_CONVERSION = YES;
				CLANG_WARN_OBJC_ROOT_CLASS = YES_ERROR;
				CLANG_WARN_QUOTED_INCLUDE_IN_FRAMEWORK_HEADER = YES;
				CLANG_WARN_RANGE_LOOP_ANALYSIS = YES;
				CLANG_WARN_STRICT_PROTOTYPES = YES;
				CLANG_WARN_SUSPICIOUS_MOVE = YES;
				CLANG_WARN_UNGUARDED_AVAILABILITY = YES_AGGRESSIVE;
				CLANG_WARN_UNREACHABLE_CODE = YES;
				CLANG_WARN__DUPLICATE_METHOD_MATCH = YES;
				COPY_PHASE_STRIP = NO;
				DEBUG_INFORMATION_FORMAT = "dwarf-with-dsym";
				ENABLE_NS_ASSERTIONS = NO;
				ENABLE_STRICT_OBJC_MSGSEND = YES;
				ENABLE_USER_SCRIPT_SANDBOXING = YES;
				GCC_C_LANGUAGE_STANDARD = gnu17;
				GCC_NO_COMMON_BLOCKS = YES;
				GCC_WARN_64_TO_32_BIT_CONVERSION = YES;
				GCC_WARN_ABOUT_RETURN_TYPE = YES_ERROR;
				GCC_WARN_UNDECLARED_SELECTOR = YES;
				GCC_WARN_UNINITIALIZED_AUTOS = YES_AGGRESSIVE;
				GCC_WARN_UNUSED_FUNCTION = YES;
				GCC_WARN_UNUSED_VARIABLE = YES;
				IPHONEOS_DEPLOYMENT_TARGET = 17.0;
				LOCALIZATION_PREFERS_STRING_CATALOGS = YES;
				MTL_ENABLE_DEBUG_INFO = NO;
				MTL_FAST_MATH = YES;
				SDKROOT = iphoneos;
				SWIFT_COMPILATION_MODE = wholemodule;
				VALIDATE_PRODUCT = YES;
			};
			name = Release;
		};
		01D182C52B628B1D00CB17AB /* Debug */ = {
			isa = XCBuildConfiguration;
			buildSettings = {
				ASSETCATALOG_COMPILER_APPICON_NAME = AppIcon;
				ASSETCATALOG_COMPILER_GLOBAL_ACCENT_COLOR_NAME = AccentColor;
				CODE_SIGN_IDENTITY = "Apple Development";
				CODE_SIGN_STYLE = Automatic;
				CURRENT_PROJECT_VERSION = 1;
				DEVELOPMENT_TEAM = 9A9QCVT3U8;
				GENERATE_INFOPLIST_FILE = YES;
				INFOPLIST_FILE = PokemonInOM/Info.plist;
				INFOPLIST_KEY_UIApplicationSupportsIndirectInputEvents = YES;
				INFOPLIST_KEY_UILaunchStoryboardName = LaunchScreen;
				INFOPLIST_KEY_UIMainStoryboardFile = Main;
				INFOPLIST_KEY_UISupportedInterfaceOrientations_iPad = "UIInterfaceOrientationPortrait UIInterfaceOrientationPortraitUpsideDown UIInterfaceOrientationLandscapeLeft UIInterfaceOrientationLandscapeRight";
				INFOPLIST_KEY_UISupportedInterfaceOrientations_iPhone = "UIInterfaceOrientationPortrait UIInterfaceOrientationLandscapeLeft UIInterfaceOrientationLandscapeRight";
				IPHONEOS_DEPLOYMENT_TARGET = 16.6;
				LD_RUNPATH_SEARCH_PATHS = (
					"$(inherited)",
					"@executable_path/Frameworks",
				);
				MARKETING_VERSION = 1.0;
				PRODUCT_BUNDLE_IDENTIFIER = patiljignesh.com.pokemoninom.PokemonInOM;
				PRODUCT_NAME = "$(TARGET_NAME)";
				PROVISIONING_PROFILE_SPECIFIER = "";
				SWIFT_EMIT_LOC_STRINGS = YES;
				SWIFT_VERSION = 5.0;
				TARGETED_DEVICE_FAMILY = "1,2";
			};
			name = Debug;
		};
		01D182C62B628B1D00CB17AB /* Release */ = {
			isa = XCBuildConfiguration;
			buildSettings = {
				ASSETCATALOG_COMPILER_APPICON_NAME = AppIcon;
				ASSETCATALOG_COMPILER_GLOBAL_ACCENT_COLOR_NAME = AccentColor;
				CODE_SIGN_IDENTITY = "Apple Development";
				CODE_SIGN_STYLE = Automatic;
				CURRENT_PROJECT_VERSION = 1;
				DEVELOPMENT_TEAM = 9A9QCVT3U8;
				GENERATE_INFOPLIST_FILE = YES;
				INFOPLIST_FILE = PokemonInOM/Info.plist;
				INFOPLIST_KEY_UIApplicationSupportsIndirectInputEvents = YES;
				INFOPLIST_KEY_UILaunchStoryboardName = LaunchScreen;
				INFOPLIST_KEY_UIMainStoryboardFile = Main;
				INFOPLIST_KEY_UISupportedInterfaceOrientations_iPad = "UIInterfaceOrientationPortrait UIInterfaceOrientationPortraitUpsideDown UIInterfaceOrientationLandscapeLeft UIInterfaceOrientationLandscapeRight";
				INFOPLIST_KEY_UISupportedInterfaceOrientations_iPhone = "UIInterfaceOrientationPortrait UIInterfaceOrientationLandscapeLeft UIInterfaceOrientationLandscapeRight";
				IPHONEOS_DEPLOYMENT_TARGET = 16.6;
				LD_RUNPATH_SEARCH_PATHS = (
					"$(inherited)",
					"@executable_path/Frameworks",
				);
				MARKETING_VERSION = 1.0;
				PRODUCT_BUNDLE_IDENTIFIER = patiljignesh.com.pokemoninom.PokemonInOM;
				PRODUCT_NAME = "$(TARGET_NAME)";
				PROVISIONING_PROFILE_SPECIFIER = "";
				SWIFT_EMIT_LOC_STRINGS = YES;
				SWIFT_VERSION = 5.0;
				TARGETED_DEVICE_FAMILY = "1,2";
			};
			name = Release;
		};
		01D182C82B628B1D00CB17AB /* Debug */ = {
			isa = XCBuildConfiguration;
			buildSettings = {
				ALWAYS_EMBED_SWIFT_STANDARD_LIBRARIES = YES;
				BUNDLE_LOADER = "$(TEST_HOST)";
				CODE_SIGN_STYLE = Automatic;
				CURRENT_PROJECT_VERSION = 1;
				DEVELOPMENT_TEAM = 9A9QCVT3U8;
				GENERATE_INFOPLIST_FILE = YES;
				IPHONEOS_DEPLOYMENT_TARGET = 17.0;
				MARKETING_VERSION = 1.0;
				PRODUCT_BUNDLE_IDENTIFIER = patiljignesh.com.pokemoninom.PokemonInOMTests;
				PRODUCT_NAME = "$(TARGET_NAME)";
				SWIFT_EMIT_LOC_STRINGS = NO;
				SWIFT_VERSION = 5.0;
				TARGETED_DEVICE_FAMILY = "1,2";
				TEST_HOST = "$(BUILT_PRODUCTS_DIR)/PokemonInOM.app/$(BUNDLE_EXECUTABLE_FOLDER_PATH)/PokemonInOM";
			};
			name = Debug;
		};
		01D182C92B628B1D00CB17AB /* Release */ = {
			isa = XCBuildConfiguration;
			buildSettings = {
				ALWAYS_EMBED_SWIFT_STANDARD_LIBRARIES = YES;
				BUNDLE_LOADER = "$(TEST_HOST)";
				CODE_SIGN_STYLE = Automatic;
				CURRENT_PROJECT_VERSION = 1;
				DEVELOPMENT_TEAM = 9A9QCVT3U8;
				GENERATE_INFOPLIST_FILE = YES;
				IPHONEOS_DEPLOYMENT_TARGET = 17.0;
				MARKETING_VERSION = 1.0;
				PRODUCT_BUNDLE_IDENTIFIER = patiljignesh.com.pokemoninom.PokemonInOMTests;
				PRODUCT_NAME = "$(TARGET_NAME)";
				SWIFT_EMIT_LOC_STRINGS = NO;
				SWIFT_VERSION = 5.0;
				TARGETED_DEVICE_FAMILY = "1,2";
				TEST_HOST = "$(BUILT_PRODUCTS_DIR)/PokemonInOM.app/$(BUNDLE_EXECUTABLE_FOLDER_PATH)/PokemonInOM";
			};
			name = Release;
		};
		01D182CB2B628B1D00CB17AB /* Debug */ = {
			isa = XCBuildConfiguration;
			buildSettings = {
				ALWAYS_EMBED_SWIFT_STANDARD_LIBRARIES = YES;
				CODE_SIGN_STYLE = Automatic;
				CURRENT_PROJECT_VERSION = 1;
				DEVELOPMENT_TEAM = 9A9QCVT3U8;
				GENERATE_INFOPLIST_FILE = YES;
				MARKETING_VERSION = 1.0;
				PRODUCT_BUNDLE_IDENTIFIER = patiljignesh.com.pokemoninom.PokemonInOMUITests;
				PRODUCT_NAME = "$(TARGET_NAME)";
				PROVISIONING_PROFILE = "";
				SWIFT_EMIT_LOC_STRINGS = NO;
				SWIFT_VERSION = 5.0;
				TARGETED_DEVICE_FAMILY = "1,2";
				TEST_TARGET_NAME = PokemonInOM;
			};
			name = Debug;
		};
		01D182CC2B628B1D00CB17AB /* Release */ = {
			isa = XCBuildConfiguration;
			buildSettings = {
				ALWAYS_EMBED_SWIFT_STANDARD_LIBRARIES = YES;
				CODE_SIGN_STYLE = Automatic;
				CURRENT_PROJECT_VERSION = 1;
				DEVELOPMENT_TEAM = 9A9QCVT3U8;
				GENERATE_INFOPLIST_FILE = YES;
				MARKETING_VERSION = 1.0;
				PRODUCT_BUNDLE_IDENTIFIER = patiljignesh.com.pokemoninom.PokemonInOMUITests;
				PRODUCT_NAME = "$(TARGET_NAME)";
				PROVISIONING_PROFILE = "";
				SWIFT_EMIT_LOC_STRINGS = NO;
				SWIFT_VERSION = 5.0;
				TARGETED_DEVICE_FAMILY = "1,2";
				TEST_TARGET_NAME = PokemonInOM;
			};
			name = Release;
		};
/* End XCBuildConfiguration section */

/* Begin XCConfigurationList section */
		01D182952B628B1B00CB17AB /* Build configuration list for PBXProject "PokemonInOM" */ = {
			isa = XCConfigurationList;
			buildConfigurations = (
				01D182C22B628B1D00CB17AB /* Debug */,
				01D182C32B628B1D00CB17AB /* Release */,
			);
			defaultConfigurationIsVisible = 0;
			defaultConfigurationName = Release;
		};
		01D182C42B628B1D00CB17AB /* Build configuration list for PBXNativeTarget "PokemonInOM" */ = {
			isa = XCConfigurationList;
			buildConfigurations = (
				01D182C52B628B1D00CB17AB /* Debug */,
				01D182C62B628B1D00CB17AB /* Release */,
			);
			defaultConfigurationIsVisible = 0;
			defaultConfigurationName = Release;
		};
		01D182C72B628B1D00CB17AB /* Build configuration list for PBXNativeTarget "PokemonInOMTests" */ = {
			isa = XCConfigurationList;
			buildConfigurations = (
				01D182C82B628B1D00CB17AB /* Debug */,
				01D182C92B628B1D00CB17AB /* Release */,
			);
			defaultConfigurationIsVisible = 0;
			defaultConfigurationName = Release;
		};
		01D182CA2B628B1D00CB17AB /* Build configuration list for PBXNativeTarget "PokemonInOMUITests" */ = {
			isa = XCConfigurationList;
			buildConfigurations = (
				01D182CB2B628B1D00CB17AB /* Debug */,
				01D182CC2B628B1D00CB17AB /* Release */,
			);
			defaultConfigurationIsVisible = 0;
			defaultConfigurationName = Release;
		};
/* End XCConfigurationList section */

/* Begin XCRemoteSwiftPackageReference section */
		01D182EB2B63A51300CB17AB /* XCRemoteSwiftPackageReference "firebase-ios-sdk" */ = {
			isa = XCRemoteSwiftPackageReference;
			repositoryURL = "https://github.com/firebase/firebase-ios-sdk";
			requirement = {
				kind = upToNextMajorVersion;
				minimumVersion = 10.20.0;
			};
		};
		01D182FE2B63A97400CB17AB /* XCRemoteSwiftPackageReference "Kingfisher" */ = {
			isa = XCRemoteSwiftPackageReference;
			repositoryURL = "https://github.com/onevcat/Kingfisher.git";
			requirement = {
				kind = upToNextMajorVersion;
				minimumVersion = 7.10.2;
			};
		};
/* End XCRemoteSwiftPackageReference section */

/* Begin XCSwiftPackageProductDependency section */
		01D182EC2B63A51300CB17AB /* FirebaseAuth */ = {
			isa = XCSwiftPackageProductDependency;
			package = 01D182EB2B63A51300CB17AB /* XCRemoteSwiftPackageReference "firebase-ios-sdk" */;
			productName = FirebaseAuth;
		};
		01D182EE2B63A51300CB17AB /* FirebaseCrashlytics */ = {
			isa = XCSwiftPackageProductDependency;
			package = 01D182EB2B63A51300CB17AB /* XCRemoteSwiftPackageReference "firebase-ios-sdk" */;
			productName = FirebaseCrashlytics;
		};
		01D182F02B63A51300CB17AB /* FirebaseDatabase */ = {
			isa = XCSwiftPackageProductDependency;
			package = 01D182EB2B63A51300CB17AB /* XCRemoteSwiftPackageReference "firebase-ios-sdk" */;
			productName = FirebaseDatabase;
		};
		01D182F22B63A51300CB17AB /* FirebaseDatabaseSwift */ = {
			isa = XCSwiftPackageProductDependency;
			package = 01D182EB2B63A51300CB17AB /* XCRemoteSwiftPackageReference "firebase-ios-sdk" */;
			productName = FirebaseDatabaseSwift;
		};
		01D182F42B63A51300CB17AB /* FirebaseFirestore */ = {
			isa = XCSwiftPackageProductDependency;
			package = 01D182EB2B63A51300CB17AB /* XCRemoteSwiftPackageReference "firebase-ios-sdk" */;
			productName = FirebaseFirestore;
		};
		01D182F62B63A51300CB17AB /* FirebaseFirestoreSwift */ = {
			isa = XCSwiftPackageProductDependency;
			package = 01D182EB2B63A51300CB17AB /* XCRemoteSwiftPackageReference "firebase-ios-sdk" */;
			productName = FirebaseFirestoreSwift;
		};
		01D182F82B63A51300CB17AB /* FirebaseStorage */ = {
			isa = XCSwiftPackageProductDependency;
			package = 01D182EB2B63A51300CB17AB /* XCRemoteSwiftPackageReference "firebase-ios-sdk" */;
			productName = FirebaseStorage;
		};
		01D182FF2B63A97400CB17AB /* Kingfisher */ = {
			isa = XCSwiftPackageProductDependency;
			package = 01D182FE2B63A97400CB17AB /* XCRemoteSwiftPackageReference "Kingfisher" */;
			productName = Kingfisher;
		};
/* End XCSwiftPackageProductDependency section */
	};
	rootObject = 01D182922B628B1B00CB17AB /* Project object */;
}
